
Microsoft Visual Studio Solution File, Format Version 11.00
# Visual Studio 2010
Project("{8BC9CEB8-8B4A-11D0-8D11-00A0C91BC942}") = "20170317", "20170317\20170317.vcxproj", "{F5C20CBA-12A2-4ECC-99C8-21AC895885D4}"
EndProject
Global
	GlobalSection(SolutionConfigurationPlatforms) = preSolution
		Debug|Win32 = Debug|Win32
		Release|Win32 = Release|Win32
	EndGlobalSection
	GlobalSection(ProjectConfigurationPlatforms) = postSolution
		{F5C20CBA-12A2-4ECC-99C8-21AC895885D4}.Debug|Win32.ActiveCfg = Debug|Win32
		{F5C20CBA-12A2-4ECC-99C8-21AC895885D4}.Debug|Win32.Build.0 = Debug|Win32
		{F5C20CBA-12A2-4ECC-99C8-21AC895885D4}.Release|Win32.ActiveCfg = Release|Win32
		{F5C20CBA-12A2-4ECC-99C8-21AC895885D4}.Release|Win32.Build.0 = Release|Win32
	EndGlobalSection
	GlobalSection(SolutionProperties) = preSolution
		HideSolutionNode = FALSE
	EndGlobalSection
EndGlobal
