
Microsoft Visual Studio Solution File, Format Version 11.00
# Visual Studio 2010
Project("{8BC9CEB8-8B4A-11D0-8D11-00A0C91BC942}") = "20170523", "20170523\20170523.vcxproj", "{3B70FC75-C272-40EE-9223-55B9BC2CF044}"
EndProject
Global
	GlobalSection(SolutionConfigurationPlatforms) = preSolution
		Debug|Win32 = Debug|Win32
		Release|Win32 = Release|Win32
	EndGlobalSection
	GlobalSection(ProjectConfigurationPlatforms) = postSolution
		{3B70FC75-C272-40EE-9223-55B9BC2CF044}.Debug|Win32.ActiveCfg = Debug|Win32
		{3B70FC75-C272-40EE-9223-55B9BC2CF044}.Debug|Win32.Build.0 = Debug|Win32
		{3B70FC75-C272-40EE-9223-55B9BC2CF044}.Release|Win32.ActiveCfg = Release|Win32
		{3B70FC75-C272-40EE-9223-55B9BC2CF044}.Release|Win32.Build.0 = Release|Win32
	EndGlobalSection
	GlobalSection(SolutionProperties) = preSolution
		HideSolutionNode = FALSE
	EndGlobalSection
EndGlobal
